SITE
  remote: http://community.opscode.com/api/v1
  specs:
    dmg (1.0.0)
    zip_app (0.2.2)

GIT
  remote: https://github.com/fnichol/chef-rvm.git
  ref: master
  sha: dcdcc93847b932fbca67bf1f89a732556f359fc7
  specs:
    rvm (0.9.1)

GIT
  remote: https://github.com/myplanet-experimental/pivotal_workstation.git
  ref: leverage-homebrew-cookbook
  sha: 3a18df95e8add34f84c07ff3eaf8ea996348f42a
  specs:
    pivotal_workstation (1.0.0)
      dmg (>= 0.0.0)
      homebrew (>= 0.0.0)

GIT
  remote: https://github.com/patcon/chef-homebrew.git
  ref: detect-sudo-user
  sha: 13fc49e6936068fb6600b3f67d521acb1c9a69f3
  specs:
    homebrew (1.2.0)

DEPENDENCIES
  dmg (>= 0)
  homebrew (>= 0)
  pivotal_workstation (>= 0)
  rvm (>= 0)
  zip_app (>= 0)

